{
  "nodes": {
    "crane": {
      "inputs": {
        "flake-compat": [
          "git-gamble",
          "flake-compat"
        ],
        "flake-utils": [
          "git-gamble",
          "flake-utils"
        ],
        "nixpkgs": [
          "git-gamble",
          "nixpkgs"
        ],
        "rust-overlay": [
          "git-gamble",
          "rust-overlay"
        ]
      },
      "locked": {
        "lastModified": 1672095661,
        "narHash": "sha256-7NTsdCn3qsvU7A+1/7tY8pxbq0DYy1pFYNpzN6he9lI=",
        "owner": "ipetkov",
        "repo": "crane",
        "rev": "98894bb39b03bfb379c5e10523cd61160e1ac782",
        "type": "github"
      },
      "original": {
        "owner": "ipetkov",
        "repo": "crane",
        "type": "github"
      }
    },
    "flake-compat": {
      "flake": false,
      "locked": {
        "lastModified": 1668681692,
        "narHash": "sha256-Ht91NGdewz8IQLtWZ9LCeNXMSXHUss+9COoqu6JLmXU=",
        "owner": "edolstra",
        "repo": "flake-compat",
        "rev": "009399224d5e398d03b22badca40a37ac85412a1",
        "type": "github"
      },
      "original": {
        "owner": "edolstra",
        "repo": "flake-compat",
        "type": "github"
      }
    },
    "flake-utils": {
      "locked": {
        "lastModified": 1667395993,
        "narHash": "sha256-nuEHfE/LcWyuSWnS8t12N1wc105Qtau+/OdUAjtQ0rA=",
        "owner": "numtide",
        "repo": "flake-utils",
        "rev": "5aed5285a952e0b949eb3ba02c12fa4fcfef535f",
        "type": "github"
      },
      "original": {
        "owner": "numtide",
        "repo": "flake-utils",
        "type": "github"
      }
    },
    "git-gamble": {
      "inputs": {
        "crane": "crane",
        "flake-compat": "flake-compat",
        "flake-utils": [
          "flake-utils"
        ],
        "nixpkgs": [
          "nixpkgs"
        ],
        "rust-overlay": "rust-overlay"
      },
      "locked": {
        "lastModified": 1672864053,
        "narHash": "sha256-DGrNMyzI1hui2L6I1jFD5C8Dd8/58C/H0OjZ61chZ80=",
        "owner": "pinage404",
        "repo": "git-gamble",
        "rev": "34e2f19b1247ea1b8a109a97e503aa06ba798c83",
        "type": "gitlab"
      },
      "original": {
        "owner": "pinage404",
        "repo": "git-gamble",
        "type": "gitlab"
      }
    },
    "nixpkgs": {
      "locked": {
        "lastModified": 1674487464,
        "narHash": "sha256-Jgq50e4S4JVCYpWLqrabBzDp/1mfaxHCh8/OOorHTy0=",
        "owner": "nixos",
        "repo": "nixpkgs",
        "rev": "3954218cf613eba8e0dcefa9abe337d26bc48fd0",
        "type": "github"
      },
      "original": {
        "owner": "nixos",
        "ref": "nixpkgs-unstable",
        "repo": "nixpkgs",
        "type": "github"
      }
    },
    "nixpkgs-old": {
      "locked": {
        "lastModified": 1659446231,
        "narHash": "sha256-hekabNdTdgR/iLsgce5TGWmfIDZ86qjPhxDg/8TlzhE=",
        "owner": "nixos",
        "repo": "nixpkgs",
        "rev": "eabc38219184cc3e04a974fe31857d8e0eac098d",
        "type": "github"
      },
      "original": {
        "owner": "nixos",
        "ref": "nixpkgs-21.11-darwin",
        "repo": "nixpkgs",
        "type": "github"
      }
    },
    "root": {
      "inputs": {
        "flake-utils": "flake-utils",
        "git-gamble": "git-gamble",
        "nixpkgs": "nixpkgs",
        "nixpkgs-old": "nixpkgs-old"
      }
    },
    "rust-overlay": {
      "inputs": {
        "flake-utils": [
          "git-gamble",
          "flake-utils"
        ],
        "nixpkgs": [
          "git-gamble",
          "nixpkgs"
        ]
      },
      "locked": {
        "lastModified": 1672712534,
        "narHash": "sha256-8S0DdMPcbITnlOu0uA81mTo3hgX84wK8S9wS34HEFY4=",
        "owner": "oxalica",
        "repo": "rust-overlay",
        "rev": "69fb7bf0a8c40e6c4c197fa1816773774c8ac59f",
        "type": "github"
      },
      "original": {
        "owner": "oxalica",
        "repo": "rust-overlay",
        "type": "github"
      }
    }
  },
  "root": "root",
  "version": 7
}
